
Microsoft Visual Studio Solution File, Format Version 12.00
# Visual Studio Version 17
VisualStudioVersion = 17.0.31903.59
MinimumVisualStudioVersion = 10.0.40219.1
Project("{FAE04EC0-301F-11D3-BF4B-00C04F79EFBC}") = "BagageSolo", "BagageSolo.csproj", "{AAECB461-9241-4314-B502-DD04D0B63BEF}"
EndProject
Global
	GlobalSection(SolutionConfigurationPlatforms) = preSolution
		Debug|Any CPU = Debug|Any CPU
		Release|Any CPU = Release|Any CPU
	EndGlobalSection
	GlobalSection(SolutionProperties) = preSolution
		HideSolutionNode = FALSE
	EndGlobalSection
	GlobalSection(ProjectConfigurationPlatforms) = postSolution
		{AAECB461-9241-4314-B502-DD04D0B63BEF}.Debug|Any CPU.ActiveCfg = Debug|Any CPU
		{AAECB461-9241-4314-B502-DD04D0B63BEF}.Debug|Any CPU.Build.0 = Debug|Any CPU
		{AAECB461-9241-4314-B502-DD04D0B63BEF}.Release|Any CPU.ActiveCfg = Release|Any CPU
		{AAECB461-9241-4314-B502-DD04D0B63BEF}.Release|Any CPU.Build.0 = Release|Any CPU
	EndGlobalSection
EndGlobal
